// !$*UTF8*$!
{
	archiveVersion = 1;
	classes = {
	};
	objectVersion = 51;
	objects = {

/* Begin PBXBuildFile section */
		7439761BC3CFCC481AEE5B1C /* Pods_UnkoKanri.framework in Frameworks */ = {isa = PBXBuildFile; fileRef = 472F8CA9936B6548A106CF7F /* Pods_UnkoKanri.framework */; };
		95185F4224F9E9A400388643 /* GoogleService-Info.plist in Resources */ = {isa = PBXBuildFile; fileRef = 95185F4124F9E9A400388643 /* GoogleService-Info.plist */; };
		95185F4424F9ED8200388643 /* DataSource.swift in Sources */ = {isa = PBXBuildFile; fileRef = 95185F4324F9ED8200388643 /* DataSource.swift */; };
		959729C024F90F6700FFCB79 /* AppDelegate.swift in Sources */ = {isa = PBXBuildFile; fileRef = 959729BF24F90F6700FFCB79 /* AppDelegate.swift */; };
		959729C224F90F6700FFCB79 /* SceneDelegate.swift in Sources */ = {isa = PBXBuildFile; fileRef = 959729C124F90F6700FFCB79 /* SceneDelegate.swift */; };
		959729C424F90F6700FFCB79 /* ViewController.swift in Sources */ = {isa = PBXBuildFile; fileRef = 959729C324F90F6700FFCB79 /* ViewController.swift */; };
		959729C724F90F6700FFCB79 /* Main.storyboard in Resources */ = {isa = PBXBuildFile; fileRef = 959729C524F90F6700FFCB79 /* Main.storyboard */; };
		959729C924F90F7000FFCB79 /* Assets.xcassets in Resources */ = {isa = PBXBuildFile; fileRef = 959729C824F90F7000FFCB79 /* Assets.xcassets */; };
		959729CC24F90F7000FFCB79 /* LaunchScreen.storyboard in Resources */ = {isa = PBXBuildFile; fileRef = 959729CA24F90F7000FFCB79 /* LaunchScreen.storyboard */; };
		959729D424F9492B00FFCB79 /* ListViewController.swift in Sources */ = {isa = PBXBuildFile; fileRef = 959729D324F9492B00FFCB79 /* ListViewController.swift */; };
		959729D924F94A1200FFCB79 /* MyTabBarViewController.swift in Sources */ = {isa = PBXBuildFile; fileRef = 959729D824F94A1200FFCB79 /* MyTabBarViewController.swift */; };
		95D50EEC24FA00DE0078A9E7 /* UnkoInfoTableViewCell.swift in Sources */ = {isa = PBXBuildFile; fileRef = 95D50EEB24FA00DE0078A9E7 /* UnkoInfoTableViewCell.swift */; };
		95D50EEE24FB57700078A9E7 /* Extension.swift in Sources */ = {isa = PBXBuildFile; fileRef = 95D50EED24FB57700078A9E7 /* Extension.swift */; };
/* End PBXBuildFile section */

/* Begin PBXFileReference section */
		472F8CA9936B6548A106CF7F /* Pods_UnkoKanri.framework */ = {isa = PBXFileReference; explicitFileType = wrapper.framework; includeInIndex = 0; path = Pods_UnkoKanri.framework; sourceTree = BUILT_PRODUCTS_DIR; };
		95185F4124F9E9A400388643 /* GoogleService-Info.plist */ = {isa = PBXFileReference; fileEncoding = 4; lastKnownFileType = text.plist.xml; path = "GoogleService-Info.plist"; sourceTree = "<group>"; };
		95185F4324F9ED8200388643 /* DataSource.swift */ = {isa = PBXFileReference; lastKnownFileType = sourcecode.swift; path = DataSource.swift; sourceTree = "<group>"; };
		959729BC24F90F6700FFCB79 /* UnkoKanri.app */ = {isa = PBXFileReference; explicitFileType = wrapper.application; includeInIndex = 0; path = UnkoKanri.app; sourceTree = BUILT_PRODUCTS_DIR; };
		959729BF24F90F6700FFCB79 /* AppDelegate.swift */ = {isa = PBXFileReference; lastKnownFileType = sourcecode.swift; path = AppDelegate.swift; sourceTree = "<group>"; };
		959729C124F90F6700FFCB79 /* SceneDelegate.swift */ = {isa = PBXFileReference; lastKnownFileType = sourcecode.swift; path = SceneDelegate.swift; sourceTree = "<group>"; };
		959729C324F90F6700FFCB79 /* ViewController.swift */ = {isa = PBXFileReference; lastKnownFileType = sourcecode.swift; path = ViewController.swift; sourceTree = "<group>"; };
		959729C624F90F6700FFCB79 /* Base */ = {isa = PBXFileReference; lastKnownFileType = file.storyboard; name = Base; path = Base.lproj/Main.storyboard; sourceTree = "<group>"; };
		959729C824F90F7000FFCB79 /* Assets.xcassets */ = {isa = PBXFileReference; lastKnownFileType = folder.assetcatalog; path = Assets.xcassets; sourceTree = "<group>"; };
		959729CB24F90F7000FFCB79 /* Base */ = {isa = PBXFileReference; lastKnownFileType = file.storyboard; name = Base; path = Base.lproj/LaunchScreen.storyboard; sourceTree = "<group>"; };
		959729CD24F90F7000FFCB79 /* Info.plist */ = {isa = PBXFileReference; lastKnownFileType = text.plist.xml; path = Info.plist; sourceTree = "<group>"; };
		959729D324F9492B00FFCB79 /* ListViewController.swift */ = {isa = PBXFileReference; lastKnownFileType = sourcecode.swift; path = ListViewController.swift; sourceTree = "<group>"; };
		959729D824F94A1200FFCB79 /* MyTabBarViewController.swift */ = {isa = PBXFileReference; lastKnownFileType = sourcecode.swift; path = MyTabBarViewController.swift; sourceTree = "<group>"; };
		95D50EEB24FA00DE0078A9E7 /* UnkoInfoTableViewCell.swift */ = {isa = PBXFileReference; lastKnownFileType = sourcecode.swift; path = UnkoInfoTableViewCell.swift; sourceTree = "<group>"; };
		95D50EED24FB57700078A9E7 /* Extension.swift */ = {isa = PBXFileReference; lastKnownFileType = sourcecode.swift; path = Extension.swift; sourceTree = "<group>"; };
		B09FE44F2A6F54D8B9A7EB78 /* Pods-UnkoKanri.debug.xcconfig */ = {isa = PBXFileReference; includeInIndex = 1; lastKnownFileType = text.xcconfig; name = "Pods-UnkoKanri.debug.xcconfig"; path = "Target Support Files/Pods-UnkoKanri/Pods-UnkoKanri.debug.xcconfig"; sourceTree = "<group>"; };
		E297B3996F74CC0823D87296 /* Pods-UnkoKanri.release.xcconfig */ = {isa = PBXFileReference; includeInIndex = 1; lastKnownFileType = text.xcconfig; name = "Pods-UnkoKanri.release.xcconfig"; path = "Target Support Files/Pods-UnkoKanri/Pods-UnkoKanri.release.xcconfig"; sourceTree = "<group>"; };
/* End PBXFileReference section */

/* Begin PBXFrameworksBuildPhase section */
		959729B924F90F6700FFCB79 /* Frameworks */ = {
			isa = PBXFrameworksBuildPhase;
			buildActionMask = 2147483647;
			files = (
				7439761BC3CFCC481AEE5B1C /* Pods_UnkoKanri.framework in Frameworks */,
			);
			runOnlyForDeploymentPostprocessing = 0;
		};
/* End PBXFrameworksBuildPhase section */

/* Begin PBXGroup section */
		63DA721D827A61A5D36BA667 /* Frameworks */ = {
			isa = PBXGroup;
			children = (
				472F8CA9936B6548A106CF7F /* Pods_UnkoKanri.framework */,
			);
			name = Frameworks;
			sourceTree = "<group>";
		};
		95185F4524F9EDDC00388643 /* Model */ = {
			isa = PBXGroup;
			children = (
				95185F4324F9ED8200388643 /* DataSource.swift */,
			);
			path = Model;
			sourceTree = "<group>";
		};
		959729B324F90F6700FFCB79 = {
			isa = PBXGroup;
			children = (
				959729BE24F90F6700FFCB79 /* UnkoKanri */,
				959729BD24F90F6700FFCB79 /* Products */,
				A4BC5A883838CB1B9356CFD1 /* Pods */,
				63DA721D827A61A5D36BA667 /* Frameworks */,
			);
			sourceTree = "<group>";
		};
		959729BD24F90F6700FFCB79 /* Products */ = {
			isa = PBXGroup;
			children = (
				959729BC24F90F6700FFCB79 /* UnkoKanri.app */,
			);
			name = Products;
			sourceTree = "<group>";
		};
		959729BE24F90F6700FFCB79 /* UnkoKanri */ = {
			isa = PBXGroup;
			children = (
				95A260D0251F0CD70014717E /* Resources */,
				95185F4524F9EDDC00388643 /* Model */,
				959729DA24F94AAF00FFCB79 /* View */,
				959729D524F9496900FFCB79 /* Controller */,
				959729CD24F90F7000FFCB79 /* Info.plist */,
				95185F4124F9E9A400388643 /* GoogleService-Info.plist */,
			);
			path = UnkoKanri;
			sourceTree = "<group>";
		};
		959729D524F9496900FFCB79 /* Controller */ = {
			isa = PBXGroup;
			children = (
				959729C324F90F6700FFCB79 /* ViewController.swift */,
				959729D324F9492B00FFCB79 /* ListViewController.swift */,
			);
			path = Controller;
			sourceTree = "<group>";
		};
		959729DA24F94AAF00FFCB79 /* View */ = {
			isa = PBXGroup;
			children = (
				959729D824F94A1200FFCB79 /* MyTabBarViewController.swift */,
				95D50EEB24FA00DE0078A9E7 /* UnkoInfoTableViewCell.swift */,
				959729C524F90F6700FFCB79 /* Main.storyboard */,
				959729C824F90F7000FFCB79 /* Assets.xcassets */,
				959729CA24F90F7000FFCB79 /* LaunchScreen.storyboard */,
			);
			path = View;
			sourceTree = "<group>";
		};
		95A260D0251F0CD70014717E /* Resources */ = {
			isa = PBXGroup;
			children = (
				959729BF24F90F6700FFCB79 /* AppDelegate.swift */,
				959729C124F90F6700FFCB79 /* SceneDelegate.swift */,
				95D50EED24FB57700078A9E7 /* Extension.swift */,
			);
			path = Resources;
			sourceTree = "<group>";
		};
		A4BC5A883838CB1B9356CFD1 /* Pods */ = {
			isa = PBXGroup;
			children = (
				B09FE44F2A6F54D8B9A7EB78 /* Pods-UnkoKanri.debug.xcconfig */,
				E297B3996F74CC0823D87296 /* Pods-UnkoKanri.release.xcconfig */,
			);
			path = Pods;
			sourceTree = "<group>";
		};
/* End PBXGroup section */

/* Begin PBXNativeTarget section */
		959729BB24F90F6700FFCB79 /* UnkoKanri */ = {
			isa = PBXNativeTarget;
			buildConfigurationList = 959729D024F90F7000FFCB79 /* Build configuration list for PBXNativeTarget "UnkoKanri" */;
			buildPhases = (
				9DF0CADDBEE7D4FBDE1D210E /* [CP] Check Pods Manifest.lock */,
				959729B824F90F6700FFCB79 /* Sources */,
				959729B924F90F6700FFCB79 /* Frameworks */,
				959729BA24F90F6700FFCB79 /* Resources */,
				E05626E076F7EEFA91DA223C /* [CP] Embed Pods Frameworks */,
			);
			buildRules = (
			);
			dependencies = (
			);
			name = UnkoKanri;
			productName = UnkoKanri;
			productReference = 959729BC24F90F6700FFCB79 /* UnkoKanri.app */;
			productType = "com.apple.product-type.application";
		};
/* End PBXNativeTarget section */

/* Begin PBXProject section */
		959729B424F90F6700FFCB79 /* Project object */ = {
			isa = PBXProject;
			attributes = {
				LastSwiftUpdateCheck = 1160;
				LastUpgradeCheck = 1160;
				ORGANIZATIONNAME = "Yuki Shinohara";
				TargetAttributes = {
					959729BB24F90F6700FFCB79 = {
						CreatedOnToolsVersion = 11.6;
					};
				};
			};
			buildConfigurationList = 959729B724F90F6700FFCB79 /* Build configuration list for PBXProject "UnkoKanri" */;
			compatibilityVersion = "Xcode 9.3";
			developmentRegion = en;
			hasScannedForEncodings = 0;
			knownRegions = (
				en,
				Base,
			);
			mainGroup = 959729B324F90F6700FFCB79;
			productRefGroup = 959729BD24F90F6700FFCB79 /* Products */;
			projectDirPath = "";
			projectRoot = "";
			targets = (
				959729BB24F90F6700FFCB79 /* UnkoKanri */,
			);
		};
/* End PBXProject section */

/* Begin PBXResourcesBuildPhase section */
		959729BA24F90F6700FFCB79 /* Resources */ = {
			isa = PBXResourcesBuildPhase;
			buildActionMask = 2147483647;
			files = (
				95185F4224F9E9A400388643 /* GoogleService-Info.plist in Resources */,
				959729CC24F90F7000FFCB79 /* LaunchScreen.storyboard in Resources */,
				959729C924F90F7000FFCB79 /* Assets.xcassets in Resources */,
				959729C724F90F6700FFCB79 /* Main.storyboard in Resources */,
			);
			runOnlyForDeploymentPostprocessing = 0;
		};
/* End PBXResourcesBuildPhase section */

/* Begin PBXShellScriptBuildPhase section */
		9DF0CADDBEE7D4FBDE1D210E /* [CP] Check Pods Manifest.lock */ = {
			isa = PBXShellScriptBuildPhase;
			buildActionMask = 2147483647;
			files = (
			);
			inputFileListPaths = (
			);
			inputPaths = (
				"${PODS_PODFILE_DIR_PATH}/Podfile.lock",
				"${PODS_ROOT}/Manifest.lock",
			);
			name = "[CP] Check Pods Manifest.lock";
			outputFileListPaths = (
			);
			outputPaths = (
				"$(DERIVED_FILE_DIR)/Pods-UnkoKanri-checkManifestLockResult.txt",
			);
			runOnlyForDeploymentPostprocessing = 0;
			shellPath = /bin/sh;
			shellScript = "diff \"${PODS_PODFILE_DIR_PATH}/Podfile.lock\" \"${PODS_ROOT}/Manifest.lock\" > /dev/null\nif [ $? != 0 ] ; then\n    # print error to STDERR\n    echo \"error: The sandbox is not in sync with the Podfile.lock. Run 'pod install' or update your CocoaPods installation.\" >&2\n    exit 1\nfi\n# This output is used by Xcode 'outputs' to avoid re-running this script phase.\necho \"SUCCESS\" > \"${SCRIPT_OUTPUT_FILE_0}\"\n";
			showEnvVarsInLog = 0;
		};
		E05626E076F7EEFA91DA223C /* [CP] Embed Pods Frameworks */ = {
			isa = PBXShellScriptBuildPhase;
			buildActionMask = 2147483647;
			files = (
			);
			inputFileListPaths = (
				"${PODS_ROOT}/Target Support Files/Pods-UnkoKanri/Pods-UnkoKanri-frameworks-${CONFIGURATION}-input-files.xcfilelist",
			);
			name = "[CP] Embed Pods Frameworks";
			outputFileListPaths = (
				"${PODS_ROOT}/Target Support Files/Pods-UnkoKanri/Pods-UnkoKanri-frameworks-${CONFIGURATION}-output-files.xcfilelist",
			);
			runOnlyForDeploymentPostprocessing = 0;
			shellPath = /bin/sh;
			shellScript = "\"${PODS_ROOT}/Target Support Files/Pods-UnkoKanri/Pods-UnkoKanri-frameworks.sh\"\n";
			showEnvVarsInLog = 0;
		};
/* End PBXShellScriptBuildPhase section */

/* Begin PBXSourcesBuildPhase section */
		959729B824F90F6700FFCB79 /* Sources */ = {
			isa = PBXSourcesBuildPhase;
			buildActionMask = 2147483647;
			files = (
				95D50EEE24FB57700078A9E7 /* Extension.swift in Sources */,
				95185F4424F9ED8200388643 /* DataSource.swift in Sources */,
				959729D924F94A1200FFCB79 /* MyTabBarViewController.swift in Sources */,
				95D50EEC24FA00DE0078A9E7 /* UnkoInfoTableViewCell.swift in Sources */,
				959729C424F90F6700FFCB79 /* ViewController.swift in Sources */,
				959729C024F90F6700FFCB79 /* AppDelegate.swift in Sources */,
				959729D424F9492B00FFCB79 /* ListViewController.swift in Sources */,
				959729C224F90F6700FFCB79 /* SceneDelegate.swift in Sources */,
			);
			runOnlyForDeploymentPostprocessing = 0;
		};
/* End PBXSourcesBuildPhase section */

/* Begin PBXVariantGroup section */
		959729C524F90F6700FFCB79 /* Main.storyboard */ = {
			isa = PBXVariantGroup;
			children = (
				959729C624F90F6700FFCB79 /* Base */,
			);
			name = Main.storyboard;
			sourceTree = "<group>";
		};
		959729CA24F90F7000FFCB79 /* LaunchScreen.storyboard */ = {
			isa = PBXVariantGroup;
			children = (
				959729CB24F90F7000FFCB79 /* Base */,
			);
			name = LaunchScreen.storyboard;
			sourceTree = "<group>";
		};
/* End PBXVariantGroup section */

/* Begin XCBuildConfiguration section */
		959729CE24F90F7000FFCB79 /* Debug */ = {
			isa = XCBuildConfiguration;
			buildSettings = {
				ALWAYS_SEARCH_USER_PATHS = NO;
				CLANG_ANALYZER_NONNULL = YES;
				CLANG_ANALYZER_NUMBER_OBJECT_CONVERSION = YES_AGGRESSIVE;
				CLANG_CXX_LANGUAGE_STANDARD = "gnu++14";
				CLANG_CXX_LIBRARY = "libc++";
				CLANG_ENABLE_MODULES = YES;
				CLANG_ENABLE_OBJC_ARC = YES;
				CLANG_ENABLE_OBJC_WEAK = YES;
				CLANG_WARN_BLOCK_CAPTURE_AUTORELEASING = YES;
				CLANG_WARN_BOOL_CONVERSION = YES;
				CLANG_WARN_COMMA = YES;
				CLANG_WARN_CONSTANT_CONVERSION = YES;
				CLANG_WARN_DEPRECATED_OBJC_IMPLEMENTATIONS = YES;
				CLANG_WARN_DIRECT_OBJC_ISA_USAGE = YES_ERROR;
				CLANG_WARN_DOCUMENTATION_COMMENTS = YES;
				CLANG_WARN_EMPTY_BODY = YES;
				CLANG_WARN_ENUM_CONVERSION = YES;
				CLANG_WARN_INFINITE_RECURSION = YES;
				CLANG_WARN_INT_CONVERSION = YES;
				CLANG_WARN_NON_LITERAL_NULL_CONVERSION = YES;
				CLANG_WARN_OBJC_IMPLICIT_RETAIN_SELF = YES;
				CLANG_WARN_OBJC_LITERAL_CONVERSION = YES;
				CLANG_WARN_OBJC_ROOT_CLASS = YES_ERROR;
				CLANG_WARN_RANGE_LOOP_ANALYSIS = YES;
				CLANG_WARN_STRICT_PROTOTYPES = YES;
				CLANG_WARN_SUSPICIOUS_MOVE = YES;
				CLANG_WARN_UNGUARDED_AVAILABILITY = YES_AGGRESSIVE;
				CLANG_WARN_UNREACHABLE_CODE = YES;
				CLANG_WARN__DUPLICATE_METHOD_MATCH = YES;
				COPY_PHASE_STRIP = NO;
				DEBUG_INFORMATION_FORMAT = dwarf;
				ENABLE_STRICT_OBJC_MSGSEND = YES;
				ENABLE_TESTABILITY = YES;
				GCC_C_LANGUAGE_STANDARD = gnu11;
				GCC_DYNAMIC_NO_PIC = NO;
				GCC_NO_COMMON_BLOCKS = YES;
				GCC_OPTIMIZATION_LEVEL = 0;
				GCC_PREPROCESSOR_DEFINITIONS = (
					"DEBUG=1",
					"$(inherited)",
				);
				GCC_WARN_64_TO_32_BIT_CONVERSION = YES;
				GCC_WARN_ABOUT_RETURN_TYPE = YES_ERROR;
				GCC_WARN_UNDECLARED_SELECTOR = YES;
				GCC_WARN_UNINITIALIZED_AUTOS = YES_AGGRESSIVE;
				GCC_WARN_UNUSED_FUNCTION = YES;
				GCC_WARN_UNUSED_VARIABLE = YES;
				IPHONEOS_DEPLOYMENT_TARGET = 13.6;
				MTL_ENABLE_DEBUG_INFO = INCLUDE_SOURCE;
				MTL_FAST_MATH = YES;
				ONLY_ACTIVE_ARCH = YES;
				SDKROOT = iphoneos;
				SWIFT_ACTIVE_COMPILATION_CONDITIONS = DEBUG;
				SWIFT_OPTIMIZATION_LEVEL = "-Onone";
			};
			name = Debug;
		};
		959729CF24F90F7000FFCB79 /* Release */ = {
			isa = XCBuildConfiguration;
			buildSettings = {
				ALWAYS_SEARCH_USER_PATHS = NO;
				CLANG_ANALYZER_NONNULL = YES;
				CLANG_ANALYZER_NUMBER_OBJECT_CONVERSION = YES_AGGRESSIVE;
				CLANG_CXX_LANGUAGE_STANDARD = "gnu++14";
				CLANG_CXX_LIBRARY = "libc++";
				CLANG_ENABLE_MODULES = YES;
				CLANG_ENABLE_OBJC_ARC = YES;
				CLANG_ENABLE_OBJC_WEAK = YES;
				CLANG_WARN_BLOCK_CAPTURE_AUTORELEASING = YES;
				CLANG_WARN_BOOL_CONVERSION = YES;
				CLANG_WARN_COMMA = YES;
				CLANG_WARN_CONSTANT_CONVERSION = YES;
				CLANG_WARN_DEPRECATED_OBJC_IMPLEMENTATIONS = YES;
				CLANG_WARN_DIRECT_OBJC_ISA_USAGE = YES_ERROR;
				CLANG_WARN_DOCUMENTATION_COMMENTS = YES;
				CLANG_WARN_EMPTY_BODY = YES;
				CLANG_WARN_ENUM_CONVERSION = YES;
				CLANG_WARN_INFINITE_RECURSION = YES;
				CLANG_WARN_INT_CONVERSION = YES;
				CLANG_WARN_NON_LITERAL_NULL_CONVERSION = YES;
				CLANG_WARN_OBJC_IMPLICIT_RETAIN_SELF = YES;
				CLANG_WARN_OBJC_LITERAL_CONVERSION = YES;
				CLANG_WARN_OBJC_ROOT_CLASS = YES_ERROR;
				CLANG_WARN_RANGE_LOOP_ANALYSIS = YES;
				CLANG_WARN_STRICT_PROTOTYPES = YES;
				CLANG_WARN_SUSPICIOUS_MOVE = YES;
				CLANG_WARN_UNGUARDED_AVAILABILITY = YES_AGGRESSIVE;
				CLANG_WARN_UNREACHABLE_CODE = YES;
				CLANG_WARN__DUPLICATE_METHOD_MATCH = YES;
				COPY_PHASE_STRIP = NO;
				DEBUG_INFORMATION_FORMAT = "dwarf-with-dsym";
				ENABLE_NS_ASSERTIONS = NO;
				ENABLE_STRICT_OBJC_MSGSEND = YES;
				GCC_C_LANGUAGE_STANDARD = gnu11;
				GCC_NO_COMMON_BLOCKS = YES;
				GCC_WARN_64_TO_32_BIT_CONVERSION = YES;
				GCC_WARN_ABOUT_RETURN_TYPE = YES_ERROR;
				GCC_WARN_UNDECLARED_SELECTOR = YES;
				GCC_WARN_UNINITIALIZED_AUTOS = YES_AGGRESSIVE;
				GCC_WARN_UNUSED_FUNCTION = YES;
				GCC_WARN_UNUSED_VARIABLE = YES;
				IPHONEOS_DEPLOYMENT_TARGET = 13.6;
				MTL_ENABLE_DEBUG_INFO = NO;
				MTL_FAST_MATH = YES;
				SDKROOT = iphoneos;
				SWIFT_COMPILATION_MODE = wholemodule;
				SWIFT_OPTIMIZATION_LEVEL = "-O";
				VALIDATE_PRODUCT = YES;
			};
			name = Release;
		};
		959729D124F90F7000FFCB79 /* Debug */ = {
			isa = XCBuildConfiguration;
			baseConfigurationReference = B09FE44F2A6F54D8B9A7EB78 /* Pods-UnkoKanri.debug.xcconfig */;
			buildSettings = {
				ASSETCATALOG_COMPILER_APPICON_NAME = AppIcon;
				CODE_SIGN_STYLE = Automatic;
				DEVELOPMENT_TEAM = 7RFPAQ2NAA;
				INFOPLIST_FILE = UnkoKanri/Info.plist;
				LD_RUNPATH_SEARCH_PATHS = (
					"$(inherited)",
					"@executable_path/Frameworks",
				);
				PRODUCT_BUNDLE_IDENTIFIER = com.shino.UnkoKanri;
				PRODUCT_NAME = "$(TARGET_NAME)";
				SWIFT_VERSION = 5.0;
				TARGETED_DEVICE_FAMILY = 1;
			};
			name = Debug;
		};
		959729D224F90F7000FFCB79 /* Release */ = {
			isa = XCBuildConfiguration;
			baseConfigurationReference = E297B3996F74CC0823D87296 /* Pods-UnkoKanri.release.xcconfig */;
			buildSettings = {
				ASSETCATALOG_COMPILER_APPICON_NAME = AppIcon;
				CODE_SIGN_STYLE = Automatic;
				DEVELOPMENT_TEAM = 7RFPAQ2NAA;
				INFOPLIST_FILE = UnkoKanri/Info.plist;
				LD_RUNPATH_SEARCH_PATHS = (
					"$(inherited)",
					"@executable_path/Frameworks",
				);
				PRODUCT_BUNDLE_IDENTIFIER = com.shino.UnkoKanri;
				PRODUCT_NAME = "$(TARGET_NAME)";
				SWIFT_VERSION = 5.0;
				TARGETED_DEVICE_FAMILY = 1;
			};
			name = Release;
		};
/* End XCBuildConfiguration section */

/* Begin XCConfigurationList section */
		959729B724F90F6700FFCB79 /* Build configuration list for PBXProject "UnkoKanri" */ = {
			isa = XCConfigurationList;
			buildConfigurations = (
				959729CE24F90F7000FFCB79 /* Debug */,
				959729CF24F90F7000FFCB79 /* Release */,
			);
			defaultConfigurationIsVisible = 0;
			defaultConfigurationName = Release;
		};
		959729D024F90F7000FFCB79 /* Build configuration list for PBXNativeTarget "UnkoKanri" */ = {
			isa = XCConfigurationList;
			buildConfigurations = (
				959729D124F90F7000FFCB79 /* Debug */,
				959729D224F90F7000FFCB79 /* Release */,
			);
			defaultConfigurationIsVisible = 0;
			defaultConfigurationName = Release;
		};
/* End XCConfigurationList section */
	};
	rootObject = 959729B424F90F6700FFCB79 /* Project object */;
}
